
Microsoft Visual Studio Solution File, Format Version 12.00
# Visual Studio 15
VisualStudioVersion = 15.0.26730.16
MinimumVisualStudioVersion = 10.0.40219.1
Project("{FAE04EC0-301F-11D3-BF4B-00C04F79EFBC}") = "Formularios", "Formularios\Formularios.csproj", "{CFD1D8A1-E7DF-4A39-9114-7DA65D42FC45}"
	ProjectSection(ProjectDependencies) = postProject
		{BEE20F2B-D9E3-4601-80C1-E401142A7CF1} = {BEE20F2B-D9E3-4601-80C1-E401142A7CF1}
	EndProjectSection
EndProject
Project("{FAE04EC0-301F-11D3-BF4B-00C04F79EFBC}") = "Modelo", "Modelo\Modelo.csproj", "{BEE20F2B-D9E3-4601-80C1-E401142A7CF1}"
EndProject
Project("{FAE04EC0-301F-11D3-BF4B-00C04F79EFBC}") = "AccesoDatos", "AccesoDatos\AccesoDatos.csproj", "{57131C91-DD8D-4EDD-AEF1-4030F1E4C762}"
EndProject
Project("{FAE04EC0-301F-11D3-BF4B-00C04F79EFBC}") = "LogicaNegocio", "LogicaNegocio\LogicaNegocio.csproj", "{5B695A07-A8C3-416F-8D0E-46B48B31262B}"
EndProject
Global
	GlobalSection(SolutionConfigurationPlatforms) = preSolution
		Debug|Any CPU = Debug|Any CPU
		Release|Any CPU = Release|Any CPU
	EndGlobalSection
	GlobalSection(ProjectConfigurationPlatforms) = postSolution
		{CFD1D8A1-E7DF-4A39-9114-7DA65D42FC45}.Debug|Any CPU.ActiveCfg = Debug|Any CPU
		{CFD1D8A1-E7DF-4A39-9114-7DA65D42FC45}.Debug|Any CPU.Build.0 = Debug|Any CPU
		{CFD1D8A1-E7DF-4A39-9114-7DA65D42FC45}.Release|Any CPU.ActiveCfg = Release|Any CPU
		{CFD1D8A1-E7DF-4A39-9114-7DA65D42FC45}.Release|Any CPU.Build.0 = Release|Any CPU
		{BEE20F2B-D9E3-4601-80C1-E401142A7CF1}.Debug|Any CPU.ActiveCfg = Debug|Any CPU
		{BEE20F2B-D9E3-4601-80C1-E401142A7CF1}.Debug|Any CPU.Build.0 = Debug|Any CPU
		{BEE20F2B-D9E3-4601-80C1-E401142A7CF1}.Release|Any CPU.ActiveCfg = Release|Any CPU
		{BEE20F2B-D9E3-4601-80C1-E401142A7CF1}.Release|Any CPU.Build.0 = Release|Any CPU
		{57131C91-DD8D-4EDD-AEF1-4030F1E4C762}.Debug|Any CPU.ActiveCfg = Debug|Any CPU
		{57131C91-DD8D-4EDD-AEF1-4030F1E4C762}.Debug|Any CPU.Build.0 = Debug|Any CPU
		{57131C91-DD8D-4EDD-AEF1-4030F1E4C762}.Release|Any CPU.ActiveCfg = Release|Any CPU
		{57131C91-DD8D-4EDD-AEF1-4030F1E4C762}.Release|Any CPU.Build.0 = Release|Any CPU
		{5B695A07-A8C3-416F-8D0E-46B48B31262B}.Debug|Any CPU.ActiveCfg = Debug|Any CPU
		{5B695A07-A8C3-416F-8D0E-46B48B31262B}.Debug|Any CPU.Build.0 = Debug|Any CPU
		{5B695A07-A8C3-416F-8D0E-46B48B31262B}.Release|Any CPU.ActiveCfg = Release|Any CPU
		{5B695A07-A8C3-416F-8D0E-46B48B31262B}.Release|Any CPU.Build.0 = Release|Any CPU
	EndGlobalSection
	GlobalSection(SolutionProperties) = preSolution
		HideSolutionNode = FALSE
	EndGlobalSection
	GlobalSection(ExtensibilityGlobals) = postSolution
		SolutionGuid = {23907E55-9D7B-4427-81F6-CBF5449047D0}
	EndGlobalSection
EndGlobal
